
Microsoft Visual Studio Solution File, Format Version 12.00
# Visual Studio 14
VisualStudioVersion = 14.0.25420.1
MinimumVisualStudioVersion = 10.0.40219.1
Project("{8BC9CEB8-8B4A-11D0-8D11-00A0C91BC942}") = "이진파일처리", "이진파일처리\이진파일처리.vcxproj", "{CFBEF8F7-9AD8-4220-B885-894F2075FC0B}"
EndProject
Project("{8BC9CEB8-8B4A-11D0-8D11-00A0C91BC942}") = "LAB 8.이진파일처리", "LAB 8.이진파일처리\LAB 8.이진파일처리.vcxproj", "{A7C59609-C1F8-4344-9FC8-BD4988C643AA}"
EndProject
Global
	GlobalSection(SolutionConfigurationPlatforms) = preSolution
		Debug|x64 = Debug|x64
		Debug|x86 = Debug|x86
		Release|x64 = Release|x64
		Release|x86 = Release|x86
	EndGlobalSection
	GlobalSection(ProjectConfigurationPlatforms) = postSolution
		{CFBEF8F7-9AD8-4220-B885-894F2075FC0B}.Debug|x64.ActiveCfg = Debug|x64
		{CFBEF8F7-9AD8-4220-B885-894F2075FC0B}.Debug|x64.Build.0 = Debug|x64
		{CFBEF8F7-9AD8-4220-B885-894F2075FC0B}.Debug|x86.ActiveCfg = Debug|Win32
		{CFBEF8F7-9AD8-4220-B885-894F2075FC0B}.Debug|x86.Build.0 = Debug|Win32
		{CFBEF8F7-9AD8-4220-B885-894F2075FC0B}.Release|x64.ActiveCfg = Release|x64
		{CFBEF8F7-9AD8-4220-B885-894F2075FC0B}.Release|x64.Build.0 = Release|x64
		{CFBEF8F7-9AD8-4220-B885-894F2075FC0B}.Release|x86.ActiveCfg = Release|Win32
		{CFBEF8F7-9AD8-4220-B885-894F2075FC0B}.Release|x86.Build.0 = Release|Win32
		{A7C59609-C1F8-4344-9FC8-BD4988C643AA}.Debug|x64.ActiveCfg = Debug|x64
		{A7C59609-C1F8-4344-9FC8-BD4988C643AA}.Debug|x64.Build.0 = Debug|x64
		{A7C59609-C1F8-4344-9FC8-BD4988C643AA}.Debug|x86.ActiveCfg = Debug|Win32
		{A7C59609-C1F8-4344-9FC8-BD4988C643AA}.Debug|x86.Build.0 = Debug|Win32
		{A7C59609-C1F8-4344-9FC8-BD4988C643AA}.Release|x64.ActiveCfg = Release|x64
		{A7C59609-C1F8-4344-9FC8-BD4988C643AA}.Release|x64.Build.0 = Release|x64
		{A7C59609-C1F8-4344-9FC8-BD4988C643AA}.Release|x86.ActiveCfg = Release|Win32
		{A7C59609-C1F8-4344-9FC8-BD4988C643AA}.Release|x86.Build.0 = Release|Win32
	EndGlobalSection
	GlobalSection(SolutionProperties) = preSolution
		HideSolutionNode = FALSE
	EndGlobalSection
EndGlobal
